
Microsoft Visual Studio Solution File, Format Version 12.00
# Visual Studio Version 17
VisualStudioVersion = 17.5.33516.290
MinimumVisualStudioVersion = 10.0.40219.1
Project("{54A90642-561A-4BB1-A94E-469ADEE60C69}") = "legeclodb", "legeclodb.esproj", "{23C0DDD6-A026-4366-AC11-5913A4293B25}"
EndProject
Global
	GlobalSection(SolutionConfigurationPlatforms) = preSolution
		Debug|Any CPU = Debug|Any CPU
		Release|Any CPU = Release|Any CPU
	EndGlobalSection
	GlobalSection(ProjectConfigurationPlatforms) = postSolution
		{23C0DDD6-A026-4366-AC11-5913A4293B25}.Debug|Any CPU.ActiveCfg = Debug|Any CPU
		{23C0DDD6-A026-4366-AC11-5913A4293B25}.Debug|Any CPU.Build.0 = Debug|Any CPU
		{23C0DDD6-A026-4366-AC11-5913A4293B25}.Debug|Any CPU.Deploy.0 = Debug|Any CPU
		{23C0DDD6-A026-4366-AC11-5913A4293B25}.Release|Any CPU.ActiveCfg = Release|Any CPU
		{23C0DDD6-A026-4366-AC11-5913A4293B25}.Release|Any CPU.Build.0 = Release|Any CPU
		{23C0DDD6-A026-4366-AC11-5913A4293B25}.Release|Any CPU.Deploy.0 = Release|Any CPU
	EndGlobalSection
	GlobalSection(SolutionProperties) = preSolution
		HideSolutionNode = FALSE
	EndGlobalSection
	GlobalSection(ExtensibilityGlobals) = postSolution
		SolutionGuid = {7B4BA883-1B6E-4B70-BA63-D34685E29CCF}
	EndGlobalSection
EndGlobal
